
Microsoft Visual Studio Solution File, Format Version 12.00
# Visual Studio Version 17
VisualStudioVersion = 17.5.33414.496
MinimumVisualStudioVersion = 10.0.40219.1
Project("{FAE04EC0-301F-11D3-BF4B-00C04F79EFBC}") = "Snow.Tools.Excel", "Snow.Tools.Excel\Snow.Tools.Excel.csproj", "{E6400AF4-D248-4BFF-81C6-034688CBB9CD}"
EndProject
Project("{FAE04EC0-301F-11D3-BF4B-00C04F79EFBC}") = "Snow.Tools", "Snow.Tools\Snow.Tools.csproj", "{94E29316-6E87-4839-8A4E-2DA23579638F}"
EndProject
Project("{FAE04EC0-301F-11D3-BF4B-00C04F79EFBC}") = "Snow.Tools.Demo", "Snow.Tools.Demo\Snow.Tools.Demo.csproj", "{C490C731-CA71-4AE0-9FD6-5EE616255A32}"
EndProject
Global
	GlobalSection(SolutionConfigurationPlatforms) = preSolution
		Debug|Any CPU = Debug|Any CPU
		Release|Any CPU = Release|Any CPU
	EndGlobalSection
	GlobalSection(ProjectConfigurationPlatforms) = postSolution
		{E6400AF4-D248-4BFF-81C6-034688CBB9CD}.Debug|Any CPU.ActiveCfg = Debug|Any CPU
		{E6400AF4-D248-4BFF-81C6-034688CBB9CD}.Debug|Any CPU.Build.0 = Debug|Any CPU
		{E6400AF4-D248-4BFF-81C6-034688CBB9CD}.Release|Any CPU.ActiveCfg = Release|Any CPU
		{E6400AF4-D248-4BFF-81C6-034688CBB9CD}.Release|Any CPU.Build.0 = Release|Any CPU
		{94E29316-6E87-4839-8A4E-2DA23579638F}.Debug|Any CPU.ActiveCfg = Debug|Any CPU
		{94E29316-6E87-4839-8A4E-2DA23579638F}.Debug|Any CPU.Build.0 = Debug|Any CPU
		{94E29316-6E87-4839-8A4E-2DA23579638F}.Release|Any CPU.ActiveCfg = Release|Any CPU
		{94E29316-6E87-4839-8A4E-2DA23579638F}.Release|Any CPU.Build.0 = Release|Any CPU
		{C490C731-CA71-4AE0-9FD6-5EE616255A32}.Debug|Any CPU.ActiveCfg = Debug|Any CPU
		{C490C731-CA71-4AE0-9FD6-5EE616255A32}.Debug|Any CPU.Build.0 = Debug|Any CPU
		{C490C731-CA71-4AE0-9FD6-5EE616255A32}.Release|Any CPU.ActiveCfg = Release|Any CPU
		{C490C731-CA71-4AE0-9FD6-5EE616255A32}.Release|Any CPU.Build.0 = Release|Any CPU
	EndGlobalSection
	GlobalSection(SolutionProperties) = preSolution
		HideSolutionNode = FALSE
	EndGlobalSection
	GlobalSection(ExtensibilityGlobals) = postSolution
		SolutionGuid = {2A7B0D8F-8392-4D27-8717-44DEF87F0D4D}
	EndGlobalSection
EndGlobal
